
Microsoft Visual Studio Solution File, Format Version 12.00
# Visual Studio Version 16
VisualStudioVersion = 16.0.29411.108
MinimumVisualStudioVersion = 10.0.40219.1
Project("{FAE04EC0-301F-11D3-BF4B-00C04F79EFBC}") = "Calculator", "Calculator\Calculator.csproj", "{D81554E3-B1F9-4302-8A1E-FD76E4A50E78}"
EndProject
Project("{FAE04EC0-301F-11D3-BF4B-00C04F79EFBC}") = "UnitTestCalculator", "UnitTestCalculator\UnitTestCalculator.csproj", "{BE461CF6-D1BC-4C93-A655-57392180CBE4}"
EndProject
Global
	GlobalSection(SolutionConfigurationPlatforms) = preSolution
		Debug|Any CPU = Debug|Any CPU
		Release|Any CPU = Release|Any CPU
	EndGlobalSection
	GlobalSection(ProjectConfigurationPlatforms) = postSolution
		{D81554E3-B1F9-4302-8A1E-FD76E4A50E78}.Debug|Any CPU.ActiveCfg = Debug|Any CPU
		{D81554E3-B1F9-4302-8A1E-FD76E4A50E78}.Debug|Any CPU.Build.0 = Debug|Any CPU
		{D81554E3-B1F9-4302-8A1E-FD76E4A50E78}.Release|Any CPU.ActiveCfg = Release|Any CPU
		{D81554E3-B1F9-4302-8A1E-FD76E4A50E78}.Release|Any CPU.Build.0 = Release|Any CPU
		{BE461CF6-D1BC-4C93-A655-57392180CBE4}.Debug|Any CPU.ActiveCfg = Debug|Any CPU
		{BE461CF6-D1BC-4C93-A655-57392180CBE4}.Debug|Any CPU.Build.0 = Debug|Any CPU
		{BE461CF6-D1BC-4C93-A655-57392180CBE4}.Release|Any CPU.ActiveCfg = Release|Any CPU
		{BE461CF6-D1BC-4C93-A655-57392180CBE4}.Release|Any CPU.Build.0 = Release|Any CPU
	EndGlobalSection
	GlobalSection(SolutionProperties) = preSolution
		HideSolutionNode = FALSE
	EndGlobalSection
	GlobalSection(ExtensibilityGlobals) = postSolution
		SolutionGuid = {270F15FB-9737-4A8C-9735-182E73A5D68E}
	EndGlobalSection
EndGlobal
